# THIS IS AN AUTOGENERATED FILE. DO NOT EDIT THIS FILE DIRECTLY.
# yarn lockfile v1


qss@^2.0.1:
  version "2.0.3"
  resolved "https://registry.yarnpkg.com/qss/-/qss-2.0.3.tgz#630b38b120931b52d04704f3abfb0f861604a9ec"
  integrity sha512-j48ZBT5IZbSqJiSU8EX4XrN8nXiflHvmMvv2XpFc31gh7n6EpSs75bNr6+oj3FOLWyT8m09pTmqLNl34L7/uPQ==

react-location@^2.0.7:
  version "2.0.7"
  resolved "https://registry.yarnpkg.com/react-location/-/react-location-2.0.7.tgz#34424d79b81cc49c63d3b4c81b04113f1d8bd334"
  integrity sha512-9wH0Z1WanICho4PsIyvoGkXkdC7IHgHv/bo6lvkqik3PY3QwTKE6KuzDRIkDqVdPhcE0RAt6Iex19T7F9jHG/w==
  dependencies:
    qss "^2.0.1"
